
Microsoft Visual Studio Solution File, Format Version 12.00
# Visual Studio 2012
Project("{FAE04EC0-301F-11D3-BF4B-00C04F79EFBC}") = "ArtisanCommandLine", "ArtisanCommandLine\ArtisanCommandLine.csproj", "{5872F52C-452B-4F35-8D73-FB042A39CD41}"
EndProject
Project("{2150E333-8FDC-42A3-9474-1A3956D46DE8}") = "Solution Items", "Solution Items", "{4146E229-9D7C-404F-BD85-CFE73F7A62E4}"
	ProjectSection(SolutionItems) = preProject
		README.MD = README.MD
	EndProjectSection
EndProject
Global
	GlobalSection(SolutionConfigurationPlatforms) = preSolution
		Debug|Any CPU = Debug|Any CPU
		Release|Any CPU = Release|Any CPU
	EndGlobalSection
	GlobalSection(ProjectConfigurationPlatforms) = postSolution
		{5872F52C-452B-4F35-8D73-FB042A39CD41}.Debug|Any CPU.ActiveCfg = Debug|Any CPU
		{5872F52C-452B-4F35-8D73-FB042A39CD41}.Debug|Any CPU.Build.0 = Debug|Any CPU
		{5872F52C-452B-4F35-8D73-FB042A39CD41}.Release|Any CPU.ActiveCfg = Release|Any CPU
		{5872F52C-452B-4F35-8D73-FB042A39CD41}.Release|Any CPU.Build.0 = Release|Any CPU
	EndGlobalSection
EndGlobal
